
Microsoft Visual Studio Solution File, Format Version 12.00
# Visual Studio Version 16
VisualStudioVersion = 16.0.33423.256
MinimumVisualStudioVersion = 10.0.40219.1
Project("{FAE04EC0-301F-11D3-BF4B-00C04F79EFBC}") = "DapperProje", "DapperProje\DapperProje.csproj", "{DEC5F516-B108-48FC-A572-DB55CE25EC84}"
EndProject
Global
	GlobalSection(SolutionConfigurationPlatforms) = preSolution
		Debug|Any CPU = Debug|Any CPU
		Release|Any CPU = Release|Any CPU
	EndGlobalSection
	GlobalSection(ProjectConfigurationPlatforms) = postSolution
		{DEC5F516-B108-48FC-A572-DB55CE25EC84}.Debug|Any CPU.ActiveCfg = Debug|Any CPU
		{DEC5F516-B108-48FC-A572-DB55CE25EC84}.Debug|Any CPU.Build.0 = Debug|Any CPU
		{DEC5F516-B108-48FC-A572-DB55CE25EC84}.Release|Any CPU.ActiveCfg = Release|Any CPU
		{DEC5F516-B108-48FC-A572-DB55CE25EC84}.Release|Any CPU.Build.0 = Release|Any CPU
	EndGlobalSection
	GlobalSection(SolutionProperties) = preSolution
		HideSolutionNode = FALSE
	EndGlobalSection
	GlobalSection(ExtensibilityGlobals) = postSolution
		SolutionGuid = {A7128F5A-3225-43F5-AE1D-431159FBF637}
	EndGlobalSection
EndGlobal
